// !$*UTF8*$!
{
	archiveVersion = 1;
	classes = {
	};
	objectVersion = 50;
	objects = {

/* Begin PBXBuildFile section */
		46CF008F2413551C00841DBA /* AppDelegate.swift in Sources */ = {isa = PBXBuildFile; fileRef = 46CF008E2413551C00841DBA /* AppDelegate.swift */; };
		46CF00912413551C00841DBA /* SceneDelegate.swift in Sources */ = {isa = PBXBuildFile; fileRef = 46CF00902413551C00841DBA /* SceneDelegate.swift */; };
		46CF00932413551C00841DBA /* ContentView.swift in Sources */ = {isa = PBXBuildFile; fileRef = 46CF00922413551C00841DBA /* ContentView.swift */; };
		46CF00952413551D00841DBA /* Assets.xcassets in Resources */ = {isa = PBXBuildFile; fileRef = 46CF00942413551D00841DBA /* Assets.xcassets */; };
		46CF00982413551D00841DBA /* Preview Assets.xcassets in Resources */ = {isa = PBXBuildFile; fileRef = 46CF00972413551D00841DBA /* Preview Assets.xcassets */; };
		46CF009B2413551D00841DBA /* LaunchScreen.storyboard in Resources */ = {isa = PBXBuildFile; fileRef = 46CF00992413551D00841DBA /* LaunchScreen.storyboard */; };
		46CF00A62413551D00841DBA /* swift_hackernews_intermediateTests.swift in Sources */ = {isa = PBXBuildFile; fileRef = 46CF00A52413551D00841DBA /* swift_hackernews_intermediateTests.swift */; };
		46CF00B12413551E00841DBA /* swift_hackernews_intermediateUITests.swift in Sources */ = {isa = PBXBuildFile; fileRef = 46CF00B02413551E00841DBA /* swift_hackernews_intermediateUITests.swift */; };
		46CF00C024135D1600841DBA /* NetworkManager.swift in Sources */ = {isa = PBXBuildFile; fileRef = 46CF00BF24135D1600841DBA /* NetworkManager.swift */; };
		46CF00C2241B756D00841DBA /* PostData.swift in Sources */ = {isa = PBXBuildFile; fileRef = 46CF00C1241B756D00841DBA /* PostData.swift */; };
		46CF00C5241DC0F100841DBA /* DetailView.swift in Sources */ = {isa = PBXBuildFile; fileRef = 46CF00C4241DC0F100841DBA /* DetailView.swift */; };
/* End PBXBuildFile section */

/* Begin PBXContainerItemProxy section */
		46CF00A22413551D00841DBA /* PBXContainerItemProxy */ = {
			isa = PBXContainerItemProxy;
			containerPortal = 46CF00832413551C00841DBA /* Project object */;
			proxyType = 1;
			remoteGlobalIDString = 46CF008A2413551C00841DBA;
			remoteInfo = "swift-hackernews-intermediate";
		};
		46CF00AD2413551D00841DBA /* PBXContainerItemProxy */ = {
			isa = PBXContainerItemProxy;
			containerPortal = 46CF00832413551C00841DBA /* Project object */;
			proxyType = 1;
			remoteGlobalIDString = 46CF008A2413551C00841DBA;
			remoteInfo = "swift-hackernews-intermediate";
		};
/* End PBXContainerItemProxy section */

/* Begin PBXFileReference section */
		46CF008B2413551C00841DBA /* swift-hackernews-intermediate.app */ = {isa = PBXFileReference; explicitFileType = wrapper.application; includeInIndex = 0; path = "swift-hackernews-intermediate.app"; sourceTree = BUILT_PRODUCTS_DIR; };
		46CF008E2413551C00841DBA /* AppDelegate.swift */ = {isa = PBXFileReference; lastKnownFileType = sourcecode.swift; path = AppDelegate.swift; sourceTree = "<group>"; };
		46CF00902413551C00841DBA /* SceneDelegate.swift */ = {isa = PBXFileReference; lastKnownFileType = sourcecode.swift; path = SceneDelegate.swift; sourceTree = "<group>"; };
		46CF00922413551C00841DBA /* ContentView.swift */ = {isa = PBXFileReference; lastKnownFileType = sourcecode.swift; path = ContentView.swift; sourceTree = "<group>"; };
		46CF00942413551D00841DBA /* Assets.xcassets */ = {isa = PBXFileReference; lastKnownFileType = folder.assetcatalog; path = Assets.xcassets; sourceTree = "<group>"; };
		46CF00972413551D00841DBA /* Preview Assets.xcassets */ = {isa = PBXFileReference; lastKnownFileType = folder.assetcatalog; path = "Preview Assets.xcassets"; sourceTree = "<group>"; };
		46CF009A2413551D00841DBA /* Base */ = {isa = PBXFileReference; lastKnownFileType = file.storyboard; name = Base; path = Base.lproj/LaunchScreen.storyboard; sourceTree = "<group>"; };
		46CF009C2413551D00841DBA /* Info.plist */ = {isa = PBXFileReference; lastKnownFileType = text.plist.xml; path = Info.plist; sourceTree = "<group>"; };
		46CF00A12413551D00841DBA /* swift-hackernews-intermediateTests.xctest */ = {isa = PBXFileReference; explicitFileType = wrapper.cfbundle; includeInIndex = 0; path = "swift-hackernews-intermediateTests.xctest"; sourceTree = BUILT_PRODUCTS_DIR; };
		46CF00A52413551D00841DBA /* swift_hackernews_intermediateTests.swift */ = {isa = PBXFileReference; lastKnownFileType = sourcecode.swift; path = swift_hackernews_intermediateTests.swift; sourceTree = "<group>"; };
		46CF00A72413551D00841DBA /* Info.plist */ = {isa = PBXFileReference; lastKnownFileType = text.plist.xml; path = Info.plist; sourceTree = "<group>"; };
		46CF00AC2413551D00841DBA /* swift-hackernews-intermediateUITests.xctest */ = {isa = PBXFileReference; explicitFileType = wrapper.cfbundle; includeInIndex = 0; path = "swift-hackernews-intermediateUITests.xctest"; sourceTree = BUILT_PRODUCTS_DIR; };
		46CF00B02413551E00841DBA /* swift_hackernews_intermediateUITests.swift */ = {isa = PBXFileReference; lastKnownFileType = sourcecode.swift; path = swift_hackernews_intermediateUITests.swift; sourceTree = "<group>"; };
		46CF00B22413551E00841DBA /* Info.plist */ = {isa = PBXFileReference; lastKnownFileType = text.plist.xml; path = Info.plist; sourceTree = "<group>"; };
		46CF00BF24135D1600841DBA /* NetworkManager.swift */ = {isa = PBXFileReference; lastKnownFileType = sourcecode.swift; path = NetworkManager.swift; sourceTree = "<group>"; };
		46CF00C1241B756D00841DBA /* PostData.swift */ = {isa = PBXFileReference; lastKnownFileType = sourcecode.swift; path = PostData.swift; sourceTree = "<group>"; };
		46CF00C4241DC0F100841DBA /* DetailView.swift */ = {isa = PBXFileReference; lastKnownFileType = sourcecode.swift; path = DetailView.swift; sourceTree = "<group>"; };
/* End PBXFileReference section */

/* Begin PBXFrameworksBuildPhase section */
		46CF00882413551C00841DBA /* Frameworks */ = {
			isa = PBXFrameworksBuildPhase;
			buildActionMask = 2147483647;
			files = (
			);
			runOnlyForDeploymentPostprocessing = 0;
		};
		46CF009E2413551D00841DBA /* Frameworks */ = {
			isa = PBXFrameworksBuildPhase;
			buildActionMask = 2147483647;
			files = (
			);
			runOnlyForDeploymentPostprocessing = 0;
		};
		46CF00A92413551D00841DBA /* Frameworks */ = {
			isa = PBXFrameworksBuildPhase;
			buildActionMask = 2147483647;
			files = (
			);
			runOnlyForDeploymentPostprocessing = 0;
		};
/* End PBXFrameworksBuildPhase section */

/* Begin PBXGroup section */
		46CF00822413551C00841DBA = {
			isa = PBXGroup;
			children = (
				46CF008D2413551C00841DBA /* swift-hackernews-intermediate */,
				46CF00A42413551D00841DBA /* swift-hackernews-intermediateTests */,
				46CF00AF2413551E00841DBA /* swift-hackernews-intermediateUITests */,
				46CF008C2413551C00841DBA /* Products */,
			);
			sourceTree = "<group>";
		};
		46CF008C2413551C00841DBA /* Products */ = {
			isa = PBXGroup;
			children = (
				46CF008B2413551C00841DBA /* swift-hackernews-intermediate.app */,
				46CF00A12413551D00841DBA /* swift-hackernews-intermediateTests.xctest */,
				46CF00AC2413551D00841DBA /* swift-hackernews-intermediateUITests.xctest */,
			);
			name = Products;
			sourceTree = "<group>";
		};
		46CF008D2413551C00841DBA /* swift-hackernews-intermediate */ = {
			isa = PBXGroup;
			children = (
				46CF008E2413551C00841DBA /* AppDelegate.swift */,
				46CF00902413551C00841DBA /* SceneDelegate.swift */,
				46CF00C3241DC0D400841DBA /* Views */,
				46CF00BE24135CF400841DBA /* Models */,
				46CF00942413551D00841DBA /* Assets.xcassets */,
				46CF00992413551D00841DBA /* LaunchScreen.storyboard */,
				46CF009C2413551D00841DBA /* Info.plist */,
				46CF00962413551D00841DBA /* Preview Content */,
			);
			path = "swift-hackernews-intermediate";
			sourceTree = "<group>";
		};
		46CF00962413551D00841DBA /* Preview Content */ = {
			isa = PBXGroup;
			children = (
				46CF00972413551D00841DBA /* Preview Assets.xcassets */,
			);
			path = "Preview Content";
			sourceTree = "<group>";
		};
		46CF00A42413551D00841DBA /* swift-hackernews-intermediateTests */ = {
			isa = PBXGroup;
			children = (
				46CF00A52413551D00841DBA /* swift_hackernews_intermediateTests.swift */,
				46CF00A72413551D00841DBA /* Info.plist */,
			);
			path = "swift-hackernews-intermediateTests";
			sourceTree = "<group>";
		};
		46CF00AF2413551E00841DBA /* swift-hackernews-intermediateUITests */ = {
			isa = PBXGroup;
			children = (
				46CF00B02413551E00841DBA /* swift_hackernews_intermediateUITests.swift */,
				46CF00B22413551E00841DBA /* Info.plist */,
			);
			path = "swift-hackernews-intermediateUITests";
			sourceTree = "<group>";
		};
		46CF00BE24135CF400841DBA /* Models */ = {
			isa = PBXGroup;
			children = (
				46CF00BF24135D1600841DBA /* NetworkManager.swift */,
				46CF00C1241B756D00841DBA /* PostData.swift */,
			);
			path = Models;
			sourceTree = "<group>";
		};
		46CF00C3241DC0D400841DBA /* Views */ = {
			isa = PBXGroup;
			children = (
				46CF00922413551C00841DBA /* ContentView.swift */,
				46CF00C4241DC0F100841DBA /* DetailView.swift */,
			);
			path = Views;
			sourceTree = "<group>";
		};
/* End PBXGroup section */

/* Begin PBXNativeTarget section */
		46CF008A2413551C00841DBA /* swift-hackernews-intermediate */ = {
			isa = PBXNativeTarget;
			buildConfigurationList = 46CF00B52413551E00841DBA /* Build configuration list for PBXNativeTarget "swift-hackernews-intermediate" */;
			buildPhases = (
				46CF00872413551C00841DBA /* Sources */,
				46CF00882413551C00841DBA /* Frameworks */,
				46CF00892413551C00841DBA /* Resources */,
			);
			buildRules = (
			);
			dependencies = (
			);
			name = "swift-hackernews-intermediate";
			productName = "swift-hackernews-intermediate";
			productReference = 46CF008B2413551C00841DBA /* swift-hackernews-intermediate.app */;
			productType = "com.apple.product-type.application";
		};
		46CF00A02413551D00841DBA /* swift-hackernews-intermediateTests */ = {
			isa = PBXNativeTarget;
			buildConfigurationList = 46CF00B82413551E00841DBA /* Build configuration list for PBXNativeTarget "swift-hackernews-intermediateTests" */;
			buildPhases = (
				46CF009D2413551D00841DBA /* Sources */,
				46CF009E2413551D00841DBA /* Frameworks */,
				46CF009F2413551D00841DBA /* Resources */,
			);
			buildRules = (
			);
			dependencies = (
				46CF00A32413551D00841DBA /* PBXTargetDependency */,
			);
			name = "swift-hackernews-intermediateTests";
			productName = "swift-hackernews-intermediateTests";
			productReference = 46CF00A12413551D00841DBA /* swift-hackernews-intermediateTests.xctest */;
			productType = "com.apple.product-type.bundle.unit-test";
		};
		46CF00AB2413551D00841DBA /* swift-hackernews-intermediateUITests */ = {
			isa = PBXNativeTarget;
			buildConfigurationList = 46CF00BB2413551E00841DBA /* Build configuration list for PBXNativeTarget "swift-hackernews-intermediateUITests" */;
			buildPhases = (
				46CF00A82413551D00841DBA /* Sources */,
				46CF00A92413551D00841DBA /* Frameworks */,
				46CF00AA2413551D00841DBA /* Resources */,
			);
			buildRules = (
			);
			dependencies = (
				46CF00AE2413551D00841DBA /* PBXTargetDependency */,
			);
			name = "swift-hackernews-intermediateUITests";
			productName = "swift-hackernews-intermediateUITests";
			productReference = 46CF00AC2413551D00841DBA /* swift-hackernews-intermediateUITests.xctest */;
			productType = "com.apple.product-type.bundle.ui-testing";
		};
/* End PBXNativeTarget section */

/* Begin PBXProject section */
		46CF00832413551C00841DBA /* Project object */ = {
			isa = PBXProject;
			attributes = {
				LastSwiftUpdateCheck = 1130;
				LastUpgradeCheck = 1130;
				ORGANIZATIONNAME = "Bojun Jin";
				TargetAttributes = {
					46CF008A2413551C00841DBA = {
						CreatedOnToolsVersion = 11.3.1;
					};
					46CF00A02413551D00841DBA = {
						CreatedOnToolsVersion = 11.3.1;
						TestTargetID = 46CF008A2413551C00841DBA;
					};
					46CF00AB2413551D00841DBA = {
						CreatedOnToolsVersion = 11.3.1;
						TestTargetID = 46CF008A2413551C00841DBA;
					};
				};
			};
			buildConfigurationList = 46CF00862413551C00841DBA /* Build configuration list for PBXProject "swift-hackernews-intermediate" */;
			compatibilityVersion = "Xcode 9.3";
			developmentRegion = en;
			hasScannedForEncodings = 0;
			knownRegions = (
				en,
				Base,
			);
			mainGroup = 46CF00822413551C00841DBA;
			productRefGroup = 46CF008C2413551C00841DBA /* Products */;
			projectDirPath = "";
			projectRoot = "";
			targets = (
				46CF008A2413551C00841DBA /* swift-hackernews-intermediate */,
				46CF00A02413551D00841DBA /* swift-hackernews-intermediateTests */,
				46CF00AB2413551D00841DBA /* swift-hackernews-intermediateUITests */,
			);
		};
/* End PBXProject section */

/* Begin PBXResourcesBuildPhase section */
		46CF00892413551C00841DBA /* Resources */ = {
			isa = PBXResourcesBuildPhase;
			buildActionMask = 2147483647;
			files = (
				46CF009B2413551D00841DBA /* LaunchScreen.storyboard in Resources */,
				46CF00982413551D00841DBA /* Preview Assets.xcassets in Resources */,
				46CF00952413551D00841DBA /* Assets.xcassets in Resources */,
			);
			runOnlyForDeploymentPostprocessing = 0;
		};
		46CF009F2413551D00841DBA /* Resources */ = {
			isa = PBXResourcesBuildPhase;
			buildActionMask = 2147483647;
			files = (
			);
			runOnlyForDeploymentPostprocessing = 0;
		};
		46CF00AA2413551D00841DBA /* Resources */ = {
			isa = PBXResourcesBuildPhase;
			buildActionMask = 2147483647;
			files = (
			);
			runOnlyForDeploymentPostprocessing = 0;
		};
/* End PBXResourcesBuildPhase section */

/* Begin PBXSourcesBuildPhase section */
		46CF00872413551C00841DBA /* Sources */ = {
			isa = PBXSourcesBuildPhase;
			buildActionMask = 2147483647;
			files = (
				46CF00C2241B756D00841DBA /* PostData.swift in Sources */,
				46CF00C5241DC0F100841DBA /* DetailView.swift in Sources */,
				46CF00C024135D1600841DBA /* NetworkManager.swift in Sources */,
				46CF008F2413551C00841DBA /* AppDelegate.swift in Sources */,
				46CF00912413551C00841DBA /* SceneDelegate.swift in Sources */,
				46CF00932413551C00841DBA /* ContentView.swift in Sources */,
			);
			runOnlyForDeploymentPostprocessing = 0;
		};
		46CF009D2413551D00841DBA /* Sources */ = {
			isa = PBXSourcesBuildPhase;
			buildActionMask = 2147483647;
			files = (
				46CF00A62413551D00841DBA /* swift_hackernews_intermediateTests.swift in Sources */,
			);
			runOnlyForDeploymentPostprocessing = 0;
		};
		46CF00A82413551D00841DBA /* Sources */ = {
			isa = PBXSourcesBuildPhase;
			buildActionMask = 2147483647;
			files = (
				46CF00B12413551E00841DBA /* swift_hackernews_intermediateUITests.swift in Sources */,
			);
			runOnlyForDeploymentPostprocessing = 0;
		};
/* End PBXSourcesBuildPhase section */

/* Begin PBXTargetDependency section */
		46CF00A32413551D00841DBA /* PBXTargetDependency */ = {
			isa = PBXTargetDependency;
			target = 46CF008A2413551C00841DBA /* swift-hackernews-intermediate */;
			targetProxy = 46CF00A22413551D00841DBA /* PBXContainerItemProxy */;
		};
		46CF00AE2413551D00841DBA /* PBXTargetDependency */ = {
			isa = PBXTargetDependency;
			target = 46CF008A2413551C00841DBA /* swift-hackernews-intermediate */;
			targetProxy = 46CF00AD2413551D00841DBA /* PBXContainerItemProxy */;
		};
/* End PBXTargetDependency section */

/* Begin PBXVariantGroup section */
		46CF00992413551D00841DBA /* LaunchScreen.storyboard */ = {
			isa = PBXVariantGroup;
			children = (
				46CF009A2413551D00841DBA /* Base */,
			);
			name = LaunchScreen.storyboard;
			sourceTree = "<group>";
		};
/* End PBXVariantGroup section */

/* Begin XCBuildConfiguration section */
		46CF00B32413551E00841DBA /* Debug */ = {
			isa = XCBuildConfiguration;
			buildSettings = {
				ALWAYS_SEARCH_USER_PATHS = NO;
				CLANG_ANALYZER_NONNULL = YES;
				CLANG_ANALYZER_NUMBER_OBJECT_CONVERSION = YES_AGGRESSIVE;
				CLANG_CXX_LANGUAGE_STANDARD = "gnu++14";
				CLANG_CXX_LIBRARY = "libc++";
				CLANG_ENABLE_MODULES = YES;
				CLANG_ENABLE_OBJC_ARC = YES;
				CLANG_ENABLE_OBJC_WEAK = YES;
				CLANG_WARN_BLOCK_CAPTURE_AUTORELEASING = YES;
				CLANG_WARN_BOOL_CONVERSION = YES;
				CLANG_WARN_COMMA = YES;
				CLANG_WARN_CONSTANT_CONVERSION = YES;
				CLANG_WARN_DEPRECATED_OBJC_IMPLEMENTATIONS = YES;
				CLANG_WARN_DIRECT_OBJC_ISA_USAGE = YES_ERROR;
				CLANG_WARN_DOCUMENTATION_COMMENTS = YES;
				CLANG_WARN_EMPTY_BODY = YES;
				CLANG_WARN_ENUM_CONVERSION = YES;
				CLANG_WARN_INFINITE_RECURSION = YES;
				CLANG_WARN_INT_CONVERSION = YES;
				CLANG_WARN_NON_LITERAL_NULL_CONVERSION = YES;
				CLANG_WARN_OBJC_IMPLICIT_RETAIN_SELF = YES;
				CLANG_WARN_OBJC_LITERAL_CONVERSION = YES;
				CLANG_WARN_OBJC_ROOT_CLASS = YES_ERROR;
				CLANG_WARN_RANGE_LOOP_ANALYSIS = YES;
				CLANG_WARN_STRICT_PROTOTYPES = YES;
				CLANG_WARN_SUSPICIOUS_MOVE = YES;
				CLANG_WARN_UNGUARDED_AVAILABILITY = YES_AGGRESSIVE;
				CLANG_WARN_UNREACHABLE_CODE = YES;
				CLANG_WARN__DUPLICATE_METHOD_MATCH = YES;
				COPY_PHASE_STRIP = NO;
				DEBUG_INFORMATION_FORMAT = dwarf;
				ENABLE_STRICT_OBJC_MSGSEND = YES;
				ENABLE_TESTABILITY = YES;
				GCC_C_LANGUAGE_STANDARD = gnu11;
				GCC_DYNAMIC_NO_PIC = NO;
				GCC_NO_COMMON_BLOCKS = YES;
				GCC_OPTIMIZATION_LEVEL = 0;
				GCC_PREPROCESSOR_DEFINITIONS = (
					"DEBUG=1",
					"$(inherited)",
				);
				GCC_WARN_64_TO_32_BIT_CONVERSION = YES;
				GCC_WARN_ABOUT_RETURN_TYPE = YES_ERROR;
				GCC_WARN_UNDECLARED_SELECTOR = YES;
				GCC_WARN_UNINITIALIZED_AUTOS = YES_AGGRESSIVE;
				GCC_WARN_UNUSED_FUNCTION = YES;
				GCC_WARN_UNUSED_VARIABLE = YES;
				IPHONEOS_DEPLOYMENT_TARGET = 13.2;
				MTL_ENABLE_DEBUG_INFO = INCLUDE_SOURCE;
				MTL_FAST_MATH = YES;
				ONLY_ACTIVE_ARCH = YES;
				SDKROOT = iphoneos;
				SWIFT_ACTIVE_COMPILATION_CONDITIONS = DEBUG;
				SWIFT_OPTIMIZATION_LEVEL = "-Onone";
			};
			name = Debug;
		};
		46CF00B42413551E00841DBA /* Release */ = {
			isa = XCBuildConfiguration;
			buildSettings = {
				ALWAYS_SEARCH_USER_PATHS = NO;
				CLANG_ANALYZER_NONNULL = YES;
				CLANG_ANALYZER_NUMBER_OBJECT_CONVERSION = YES_AGGRESSIVE;
				CLANG_CXX_LANGUAGE_STANDARD = "gnu++14";
				CLANG_CXX_LIBRARY = "libc++";
				CLANG_ENABLE_MODULES = YES;
				CLANG_ENABLE_OBJC_ARC = YES;
				CLANG_ENABLE_OBJC_WEAK = YES;
				CLANG_WARN_BLOCK_CAPTURE_AUTORELEASING = YES;
				CLANG_WARN_BOOL_CONVERSION = YES;
				CLANG_WARN_COMMA = YES;
				CLANG_WARN_CONSTANT_CONVERSION = YES;
				CLANG_WARN_DEPRECATED_OBJC_IMPLEMENTATIONS = YES;
				CLANG_WARN_DIRECT_OBJC_ISA_USAGE = YES_ERROR;
				CLANG_WARN_DOCUMENTATION_COMMENTS = YES;
				CLANG_WARN_EMPTY_BODY = YES;
				CLANG_WARN_ENUM_CONVERSION = YES;
				CLANG_WARN_INFINITE_RECURSION = YES;
				CLANG_WARN_INT_CONVERSION = YES;
				CLANG_WARN_NON_LITERAL_NULL_CONVERSION = YES;
				CLANG_WARN_OBJC_IMPLICIT_RETAIN_SELF = YES;
				CLANG_WARN_OBJC_LITERAL_CONVERSION = YES;
				CLANG_WARN_OBJC_ROOT_CLASS = YES_ERROR;
				CLANG_WARN_RANGE_LOOP_ANALYSIS = YES;
				CLANG_WARN_STRICT_PROTOTYPES = YES;
				CLANG_WARN_SUSPICIOUS_MOVE = YES;
				CLANG_WARN_UNGUARDED_AVAILABILITY = YES_AGGRESSIVE;
				CLANG_WARN_UNREACHABLE_CODE = YES;
				CLANG_WARN__DUPLICATE_METHOD_MATCH = YES;
				COPY_PHASE_STRIP = NO;
				DEBUG_INFORMATION_FORMAT = "dwarf-with-dsym";
				ENABLE_NS_ASSERTIONS = NO;
				ENABLE_STRICT_OBJC_MSGSEND = YES;
				GCC_C_LANGUAGE_STANDARD = gnu11;
				GCC_NO_COMMON_BLOCKS = YES;
				GCC_WARN_64_TO_32_BIT_CONVERSION = YES;
				GCC_WARN_ABOUT_RETURN_TYPE = YES_ERROR;
				GCC_WARN_UNDECLARED_SELECTOR = YES;
				GCC_WARN_UNINITIALIZED_AUTOS = YES_AGGRESSIVE;
				GCC_WARN_UNUSED_FUNCTION = YES;
				GCC_WARN_UNUSED_VARIABLE = YES;
				IPHONEOS_DEPLOYMENT_TARGET = 13.2;
				MTL_ENABLE_DEBUG_INFO = NO;
				MTL_FAST_MATH = YES;
				SDKROOT = iphoneos;
				SWIFT_COMPILATION_MODE = wholemodule;
				SWIFT_OPTIMIZATION_LEVEL = "-O";
				VALIDATE_PRODUCT = YES;
			};
			name = Release;
		};
		46CF00B62413551E00841DBA /* Debug */ = {
			isa = XCBuildConfiguration;
			buildSettings = {
				ASSETCATALOG_COMPILER_APPICON_NAME = AppIcon;
				CODE_SIGN_STYLE = Automatic;
				DEVELOPMENT_ASSET_PATHS = "\"swift-hackernews-intermediate/Preview Content\"";
				ENABLE_PREVIEWS = YES;
				INFOPLIST_FILE = "swift-hackernews-intermediate/Info.plist";
				LD_RUNPATH_SEARCH_PATHS = (
					"$(inherited)",
					"@executable_path/Frameworks",
				);
				PRODUCT_BUNDLE_IDENTIFIER = "com.bojunjin.swift-hackernews-intermediate";
				PRODUCT_NAME = "$(TARGET_NAME)";
				SWIFT_VERSION = 5.0;
				TARGETED_DEVICE_FAMILY = "1,2";
			};
			name = Debug;
		};
		46CF00B72413551E00841DBA /* Release */ = {
			isa = XCBuildConfiguration;
			buildSettings = {
				ASSETCATALOG_COMPILER_APPICON_NAME = AppIcon;
				CODE_SIGN_STYLE = Automatic;
				DEVELOPMENT_ASSET_PATHS = "\"swift-hackernews-intermediate/Preview Content\"";
				ENABLE_PREVIEWS = YES;
				INFOPLIST_FILE = "swift-hackernews-intermediate/Info.plist";
				LD_RUNPATH_SEARCH_PATHS = (
					"$(inherited)",
					"@executable_path/Frameworks",
				);
				PRODUCT_BUNDLE_IDENTIFIER = "com.bojunjin.swift-hackernews-intermediate";
				PRODUCT_NAME = "$(TARGET_NAME)";
				SWIFT_VERSION = 5.0;
				TARGETED_DEVICE_FAMILY = "1,2";
			};
			name = Release;
		};
		46CF00B92413551E00841DBA /* Debug */ = {
			isa = XCBuildConfiguration;
			buildSettings = {
				ALWAYS_EMBED_SWIFT_STANDARD_LIBRARIES = YES;
				BUNDLE_LOADER = "$(TEST_HOST)";
				CODE_SIGN_STYLE = Automatic;
				INFOPLIST_FILE = "swift-hackernews-intermediateTests/Info.plist";
				IPHONEOS_DEPLOYMENT_TARGET = 13.2;
				LD_RUNPATH_SEARCH_PATHS = (
					"$(inherited)",
					"@executable_path/Frameworks",
					"@loader_path/Frameworks",
				);
				PRODUCT_BUNDLE_IDENTIFIER = "com.bojunjin.swift-hackernews-intermediateTests";
				PRODUCT_NAME = "$(TARGET_NAME)";
				SWIFT_VERSION = 5.0;
				TARGETED_DEVICE_FAMILY = "1,2";
				TEST_HOST = "$(BUILT_PRODUCTS_DIR)/swift-hackernews-intermediate.app/swift-hackernews-intermediate";
			};
			name = Debug;
		};
		46CF00BA2413551E00841DBA /* Release */ = {
			isa = XCBuildConfiguration;
			buildSettings = {
				ALWAYS_EMBED_SWIFT_STANDARD_LIBRARIES = YES;
				BUNDLE_LOADER = "$(TEST_HOST)";
				CODE_SIGN_STYLE = Automatic;
				INFOPLIST_FILE = "swift-hackernews-intermediateTests/Info.plist";
				IPHONEOS_DEPLOYMENT_TARGET = 13.2;
				LD_RUNPATH_SEARCH_PATHS = (
					"$(inherited)",
					"@executable_path/Frameworks",
					"@loader_path/Frameworks",
				);
				PRODUCT_BUNDLE_IDENTIFIER = "com.bojunjin.swift-hackernews-intermediateTests";
				PRODUCT_NAME = "$(TARGET_NAME)";
				SWIFT_VERSION = 5.0;
				TARGETED_DEVICE_FAMILY = "1,2";
				TEST_HOST = "$(BUILT_PRODUCTS_DIR)/swift-hackernews-intermediate.app/swift-hackernews-intermediate";
			};
			name = Release;
		};
		46CF00BC2413551E00841DBA /* Debug */ = {
			isa = XCBuildConfiguration;
			buildSettings = {
				ALWAYS_EMBED_SWIFT_STANDARD_LIBRARIES = YES;
				CODE_SIGN_STYLE = Automatic;
				INFOPLIST_FILE = "swift-hackernews-intermediateUITests/Info.plist";
				LD_RUNPATH_SEARCH_PATHS = (
					"$(inherited)",
					"@executable_path/Frameworks",
					"@loader_path/Frameworks",
				);
				PRODUCT_BUNDLE_IDENTIFIER = "com.bojunjin.swift-hackernews-intermediateUITests";
				PRODUCT_NAME = "$(TARGET_NAME)";
				SWIFT_VERSION = 5.0;
				TARGETED_DEVICE_FAMILY = "1,2";
				TEST_TARGET_NAME = "swift-hackernews-intermediate";
			};
			name = Debug;
		};
		46CF00BD2413551E00841DBA /* Release */ = {
			isa = XCBuildConfiguration;
			buildSettings = {
				ALWAYS_EMBED_SWIFT_STANDARD_LIBRARIES = YES;
				CODE_SIGN_STYLE = Automatic;
				INFOPLIST_FILE = "swift-hackernews-intermediateUITests/Info.plist";
				LD_RUNPATH_SEARCH_PATHS = (
					"$(inherited)",
					"@executable_path/Frameworks",
					"@loader_path/Frameworks",
				);
				PRODUCT_BUNDLE_IDENTIFIER = "com.bojunjin.swift-hackernews-intermediateUITests";
				PRODUCT_NAME = "$(TARGET_NAME)";
				SWIFT_VERSION = 5.0;
				TARGETED_DEVICE_FAMILY = "1,2";
				TEST_TARGET_NAME = "swift-hackernews-intermediate";
			};
			name = Release;
		};
/* End XCBuildConfiguration section */

/* Begin XCConfigurationList section */
		46CF00862413551C00841DBA /* Build configuration list for PBXProject "swift-hackernews-intermediate" */ = {
			isa = XCConfigurationList;
			buildConfigurations = (
				46CF00B32413551E00841DBA /* Debug */,
				46CF00B42413551E00841DBA /* Release */,
			);
			defaultConfigurationIsVisible = 0;
			defaultConfigurationName = Release;
		};
		46CF00B52413551E00841DBA /* Build configuration list for PBXNativeTarget "swift-hackernews-intermediate" */ = {
			isa = XCConfigurationList;
			buildConfigurations = (
				46CF00B62413551E00841DBA /* Debug */,
				46CF00B72413551E00841DBA /* Release */,
			);
			defaultConfigurationIsVisible = 0;
			defaultConfigurationName = Release;
		};
		46CF00B82413551E00841DBA /* Build configuration list for PBXNativeTarget "swift-hackernews-intermediateTests" */ = {
			isa = XCConfigurationList;
			buildConfigurations = (
				46CF00B92413551E00841DBA /* Debug */,
				46CF00BA2413551E00841DBA /* Release */,
			);
			defaultConfigurationIsVisible = 0;
			defaultConfigurationName = Release;
		};
		46CF00BB2413551E00841DBA /* Build configuration list for PBXNativeTarget "swift-hackernews-intermediateUITests" */ = {
			isa = XCConfigurationList;
			buildConfigurations = (
				46CF00BC2413551E00841DBA /* Debug */,
				46CF00BD2413551E00841DBA /* Release */,
			);
			defaultConfigurationIsVisible = 0;
			defaultConfigurationName = Release;
		};
/* End XCConfigurationList section */
	};
	rootObject = 46CF00832413551C00841DBA /* Project object */;
}
